// !$*UTF8*$!
{
	archiveVersion = 1;
	classes = {
	};
	objectVersion = 50;
	objects = {

/* Begin PBXBuildFile section */
		E1D04D17216F365300870428 /* NSString+CamelSnakeCase.h in Headers */ = {isa = PBXBuildFile; fileRef = E1D04D15216F365300870428 /* NSString+CamelSnakeCase.h */; };
		E1D04D18216F365300870428 /* NSString+CamelSnakeCase.m in Sources */ = {isa = PBXBuildFile; fileRef = E1D04D16216F365300870428 /* NSString+CamelSnakeCase.m */; };
		E1D2DF89214FF1C400F213D1 /* Zooz.framework in Frameworks */ = {isa = PBXBuildFile; fileRef = E1D2DF7F214FF1C400F213D1 /* Zooz.framework */; };
		E1D2DF8E214FF1C500F213D1 /* ZoozTests.m in Sources */ = {isa = PBXBuildFile; fileRef = E1D2DF8D214FF1C500F213D1 /* ZoozTests.m */; };
		E1D2DF90214FF1C500F213D1 /* Zooz.h in Headers */ = {isa = PBXBuildFile; fileRef = E1D2DF82214FF1C400F213D1 /* Zooz.h */; settings = {ATTRIBUTES = (Public, ); }; };
		E1D2DF9B214FF26900F213D1 /* ZoozController.h in Headers */ = {isa = PBXBuildFile; fileRef = E1D2DF99214FF26900F213D1 /* ZoozController.h */; };
		E1D2DF9C214FF26900F213D1 /* ZoozController.m in Sources */ = {isa = PBXBuildFile; fileRef = E1D2DF9A214FF26900F213D1 /* ZoozController.m */; };
		E1D2DFA1214FFEEB00F213D1 /* ZoozRequest.h in Headers */ = {isa = PBXBuildFile; fileRef = E1D2DF9F214FFEEB00F213D1 /* ZoozRequest.h */; };
		E1D2DFA2214FFEEB00F213D1 /* ZoozRequest.m in Sources */ = {isa = PBXBuildFile; fileRef = E1D2DFA0214FFEEB00F213D1 /* ZoozRequest.m */; };
		E1D2DFC42156384400F213D1 /* ZoozPaymentMethodDetails.h in Headers */ = {isa = PBXBuildFile; fileRef = E1D2DFC22156384400F213D1 /* ZoozPaymentMethodDetails.h */; };
		E1D2DFC52156384400F213D1 /* ZoozPaymentMethodDetails.m in Sources */ = {isa = PBXBuildFile; fileRef = E1D2DFC32156384400F213D1 /* ZoozPaymentMethodDetails.m */; };
		E1D2DFD32156E12A00F213D1 /* Zooz-Constants.h in Headers */ = {isa = PBXBuildFile; fileRef = E1D2DFD22156E12A00F213D1 /* Zooz-Constants.h */; };
		E1D2DFD72157D48E00F213D1 /* ZoozAddress.h in Headers */ = {isa = PBXBuildFile; fileRef = E1D2DFD52157D48E00F213D1 /* ZoozAddress.h */; };
		E1D2DFD82157D48E00F213D1 /* ZoozAddress.m in Sources */ = {isa = PBXBuildFile; fileRef = E1D2DFD62157D48E00F213D1 /* ZoozAddress.m */; };
		E1D2DFDB2157F7BC00F213D1 /* ZoozAdditionalDetails.h in Headers */ = {isa = PBXBuildFile; fileRef = E1D2DFD92157F7BC00F213D1 /* ZoozAdditionalDetails.h */; };
		E1D2DFDC2157F7BC00F213D1 /* ZoozAdditionalDetails.m in Sources */ = {isa = PBXBuildFile; fileRef = E1D2DFDA2157F7BC00F213D1 /* ZoozAdditionalDetails.m */; };
		E1D2DFDF2157FA7700F213D1 /* ZoozIdentityDocuments.h in Headers */ = {isa = PBXBuildFile; fileRef = E1D2DFDD2157FA7700F213D1 /* ZoozIdentityDocuments.h */; };
		E1D2DFE02157FA7700F213D1 /* ZoozIdentityDocuments.m in Sources */ = {isa = PBXBuildFile; fileRef = E1D2DFDE2157FA7700F213D1 /* ZoozIdentityDocuments.m */; };
		E1D2DFE421590BFA00F213D1 /* ZoozServer.h in Headers */ = {isa = PBXBuildFile; fileRef = E1D2DFE221590BFA00F213D1 /* ZoozServer.h */; };
		E1D2DFE521590BFA00F213D1 /* ZoozServer.m in Sources */ = {isa = PBXBuildFile; fileRef = E1D2DFE321590BFA00F213D1 /* ZoozServer.m */; };
		E1D2DFE8215A760400F213D1 /* ZoozResponse.h in Headers */ = {isa = PBXBuildFile; fileRef = E1D2DFE6215A760400F213D1 /* ZoozResponse.h */; };
		E1D2DFE9215A760400F213D1 /* ZoozResponse.m in Sources */ = {isa = PBXBuildFile; fileRef = E1D2DFE7215A760400F213D1 /* ZoozResponse.m */; };
		E1D2DFEC215A7F8400F213D1 /* ZoozCustomer.h in Headers */ = {isa = PBXBuildFile; fileRef = E1D2DFEA215A7F8400F213D1 /* ZoozCustomer.h */; };
		E1D2DFED215A7F8400F213D1 /* ZoozCustomer.m in Sources */ = {isa = PBXBuildFile; fileRef = E1D2DFEB215A7F8400F213D1 /* ZoozCustomer.m */; };
		E1D2DFF0215AD86900F213D1 /* NSObject+DictionaryConvert.h in Headers */ = {isa = PBXBuildFile; fileRef = E1D2DFEE215AD86900F213D1 /* NSObject+DictionaryConvert.h */; };
		E1D2DFF1215AD86900F213D1 /* NSObject+DictionaryConvert.m in Sources */ = {isa = PBXBuildFile; fileRef = E1D2DFEF215AD86900F213D1 /* NSObject+DictionaryConvert.m */; };
		E1D2DFF4215B82CD00F213D1 /* ZoozLogger.h in Headers */ = {isa = PBXBuildFile; fileRef = E1D2DFF2215B82CD00F213D1 /* ZoozLogger.h */; };
		E1D2DFF5215B82CD00F213D1 /* ZoozLogger.m in Sources */ = {isa = PBXBuildFile; fileRef = E1D2DFF3215B82CD00F213D1 /* ZoozLogger.m */; };
		E1D2DFF8215BE0B100F213D1 /* ZoozPayment.h in Headers */ = {isa = PBXBuildFile; fileRef = E1D2DFF6215BE0B100F213D1 /* ZoozPayment.h */; };
		E1D2DFF9215BE0B100F213D1 /* ZoozPayment.m in Sources */ = {isa = PBXBuildFile; fileRef = E1D2DFF7215BE0B100F213D1 /* ZoozPayment.m */; };
		E1D2DFFC215BE18C00F213D1 /* ZoozOrder.h in Headers */ = {isa = PBXBuildFile; fileRef = E1D2DFFA215BE18C00F213D1 /* ZoozOrder.h */; };
		E1D2DFFD215BE18C00F213D1 /* ZoozOrder.m in Sources */ = {isa = PBXBuildFile; fileRef = E1D2DFFB215BE18C00F213D1 /* ZoozOrder.m */; };
		E1D2E000215BE20600F213D1 /* ZoozItem.h in Headers */ = {isa = PBXBuildFile; fileRef = E1D2DFFE215BE20600F213D1 /* ZoozItem.h */; };
		E1D2E001215BE20600F213D1 /* ZoozItem.m in Sources */ = {isa = PBXBuildFile; fileRef = E1D2DFFF215BE20600F213D1 /* ZoozItem.m */; };
		E1D2E004215FAA1D00F213D1 /* ZoozObject.h in Headers */ = {isa = PBXBuildFile; fileRef = E1D2E002215FAA1D00F213D1 /* ZoozObject.h */; };
		E1D2E005215FAA1D00F213D1 /* ZoozObject.m in Sources */ = {isa = PBXBuildFile; fileRef = E1D2E003215FAA1D00F213D1 /* ZoozObject.m */; };
		E1D2E00821610D0200F213D1 /* ZoozServiceCall.h in Headers */ = {isa = PBXBuildFile; fileRef = E1D2E00621610D0200F213D1 /* ZoozServiceCall.h */; };
		E1D2E00921610D0200F213D1 /* ZoozServiceCall.m in Sources */ = {isa = PBXBuildFile; fileRef = E1D2E00721610D0200F213D1 /* ZoozServiceCall.m */; };
/* End PBXBuildFile section */

/* Begin PBXContainerItemProxy section */
		E1D2DF8A214FF1C400F213D1 /* PBXContainerItemProxy */ = {
			isa = PBXContainerItemProxy;
			containerPortal = E1D2DF76214FF1C400F213D1 /* Project object */;
			proxyType = 1;
			remoteGlobalIDString = E1D2DF7E214FF1C400F213D1;
			remoteInfo = Zooz;
		};
/* End PBXContainerItemProxy section */

/* Begin PBXFileReference section */
		E1D04D15216F365300870428 /* NSString+CamelSnakeCase.h */ = {isa = PBXFileReference; lastKnownFileType = sourcecode.c.h; path = "NSString+CamelSnakeCase.h"; sourceTree = "<group>"; };
		E1D04D16216F365300870428 /* NSString+CamelSnakeCase.m */ = {isa = PBXFileReference; lastKnownFileType = sourcecode.c.objc; path = "NSString+CamelSnakeCase.m"; sourceTree = "<group>"; };
		E1D2DF7F214FF1C400F213D1 /* Zooz.framework */ = {isa = PBXFileReference; explicitFileType = wrapper.framework; includeInIndex = 0; path = Zooz.framework; sourceTree = BUILT_PRODUCTS_DIR; };
		E1D2DF82214FF1C400F213D1 /* Zooz.h */ = {isa = PBXFileReference; lastKnownFileType = sourcecode.c.h; path = Zooz.h; sourceTree = "<group>"; };
		E1D2DF83214FF1C400F213D1 /* Info.plist */ = {isa = PBXFileReference; lastKnownFileType = text.plist.xml; path = Info.plist; sourceTree = "<group>"; };
		E1D2DF88214FF1C400F213D1 /* ZoozTests.xctest */ = {isa = PBXFileReference; explicitFileType = wrapper.cfbundle; includeInIndex = 0; path = ZoozTests.xctest; sourceTree = BUILT_PRODUCTS_DIR; };
		E1D2DF8D214FF1C500F213D1 /* ZoozTests.m */ = {isa = PBXFileReference; lastKnownFileType = sourcecode.c.objc; path = ZoozTests.m; sourceTree = "<group>"; };
		E1D2DF8F214FF1C500F213D1 /* Info.plist */ = {isa = PBXFileReference; lastKnownFileType = text.plist.xml; path = Info.plist; sourceTree = "<group>"; };
		E1D2DF99214FF26900F213D1 /* ZoozController.h */ = {isa = PBXFileReference; lastKnownFileType = sourcecode.c.h; path = ZoozController.h; sourceTree = "<group>"; };
		E1D2DF9A214FF26900F213D1 /* ZoozController.m */ = {isa = PBXFileReference; lastKnownFileType = sourcecode.c.objc; path = ZoozController.m; sourceTree = "<group>"; };
		E1D2DF9F214FFEEB00F213D1 /* ZoozRequest.h */ = {isa = PBXFileReference; lastKnownFileType = sourcecode.c.h; path = ZoozRequest.h; sourceTree = "<group>"; };
		E1D2DFA0214FFEEB00F213D1 /* ZoozRequest.m */ = {isa = PBXFileReference; lastKnownFileType = sourcecode.c.objc; path = ZoozRequest.m; sourceTree = "<group>"; };
		E1D2DFC22156384400F213D1 /* ZoozPaymentMethodDetails.h */ = {isa = PBXFileReference; lastKnownFileType = sourcecode.c.h; path = ZoozPaymentMethodDetails.h; sourceTree = "<group>"; };
		E1D2DFC32156384400F213D1 /* ZoozPaymentMethodDetails.m */ = {isa = PBXFileReference; lastKnownFileType = sourcecode.c.objc; path = ZoozPaymentMethodDetails.m; sourceTree = "<group>"; };
		E1D2DFD22156E12A00F213D1 /* Zooz-Constants.h */ = {isa = PBXFileReference; lastKnownFileType = sourcecode.c.h; path = "Zooz-Constants.h"; sourceTree = "<group>"; };
		E1D2DFD52157D48E00F213D1 /* ZoozAddress.h */ = {isa = PBXFileReference; lastKnownFileType = sourcecode.c.h; path = ZoozAddress.h; sourceTree = "<group>"; };
		E1D2DFD62157D48E00F213D1 /* ZoozAddress.m */ = {isa = PBXFileReference; lastKnownFileType = sourcecode.c.objc; path = ZoozAddress.m; sourceTree = "<group>"; };
		E1D2DFD92157F7BC00F213D1 /* ZoozAdditionalDetails.h */ = {isa = PBXFileReference; lastKnownFileType = sourcecode.c.h; path = ZoozAdditionalDetails.h; sourceTree = "<group>"; };
		E1D2DFDA2157F7BC00F213D1 /* ZoozAdditionalDetails.m */ = {isa = PBXFileReference; lastKnownFileType = sourcecode.c.objc; path = ZoozAdditionalDetails.m; sourceTree = "<group>"; };
		E1D2DFDD2157FA7700F213D1 /* ZoozIdentityDocuments.h */ = {isa = PBXFileReference; lastKnownFileType = sourcecode.c.h; path = ZoozIdentityDocuments.h; sourceTree = "<group>"; };
		E1D2DFDE2157FA7700F213D1 /* ZoozIdentityDocuments.m */ = {isa = PBXFileReference; lastKnownFileType = sourcecode.c.objc; path = ZoozIdentityDocuments.m; sourceTree = "<group>"; };
		E1D2DFE221590BFA00F213D1 /* ZoozServer.h */ = {isa = PBXFileReference; lastKnownFileType = sourcecode.c.h; path = ZoozServer.h; sourceTree = "<group>"; };
		E1D2DFE321590BFA00F213D1 /* ZoozServer.m */ = {isa = PBXFileReference; lastKnownFileType = sourcecode.c.objc; path = ZoozServer.m; sourceTree = "<group>"; };
		E1D2DFE6215A760400F213D1 /* ZoozResponse.h */ = {isa = PBXFileReference; lastKnownFileType = sourcecode.c.h; path = ZoozResponse.h; sourceTree = "<group>"; };
		E1D2DFE7215A760400F213D1 /* ZoozResponse.m */ = {isa = PBXFileReference; lastKnownFileType = sourcecode.c.objc; path = ZoozResponse.m; sourceTree = "<group>"; };
		E1D2DFEA215A7F8400F213D1 /* ZoozCustomer.h */ = {isa = PBXFileReference; lastKnownFileType = sourcecode.c.h; path = ZoozCustomer.h; sourceTree = "<group>"; };
		E1D2DFEB215A7F8400F213D1 /* ZoozCustomer.m */ = {isa = PBXFileReference; lastKnownFileType = sourcecode.c.objc; path = ZoozCustomer.m; sourceTree = "<group>"; };
		E1D2DFEE215AD86900F213D1 /* NSObject+DictionaryConvert.h */ = {isa = PBXFileReference; lastKnownFileType = sourcecode.c.h; path = "NSObject+DictionaryConvert.h"; sourceTree = "<group>"; };
		E1D2DFEF215AD86900F213D1 /* NSObject+DictionaryConvert.m */ = {isa = PBXFileReference; lastKnownFileType = sourcecode.c.objc; path = "NSObject+DictionaryConvert.m"; sourceTree = "<group>"; };
		E1D2DFF2215B82CD00F213D1 /* ZoozLogger.h */ = {isa = PBXFileReference; lastKnownFileType = sourcecode.c.h; path = ZoozLogger.h; sourceTree = "<group>"; };
		E1D2DFF3215B82CD00F213D1 /* ZoozLogger.m */ = {isa = PBXFileReference; lastKnownFileType = sourcecode.c.objc; path = ZoozLogger.m; sourceTree = "<group>"; };
		E1D2DFF6215BE0B100F213D1 /* ZoozPayment.h */ = {isa = PBXFileReference; lastKnownFileType = sourcecode.c.h; path = ZoozPayment.h; sourceTree = "<group>"; };
		E1D2DFF7215BE0B100F213D1 /* ZoozPayment.m */ = {isa = PBXFileReference; lastKnownFileType = sourcecode.c.objc; path = ZoozPayment.m; sourceTree = "<group>"; };
		E1D2DFFA215BE18C00F213D1 /* ZoozOrder.h */ = {isa = PBXFileReference; lastKnownFileType = sourcecode.c.h; path = ZoozOrder.h; sourceTree = "<group>"; };
		E1D2DFFB215BE18C00F213D1 /* ZoozOrder.m */ = {isa = PBXFileReference; lastKnownFileType = sourcecode.c.objc; path = ZoozOrder.m; sourceTree = "<group>"; };
		E1D2DFFE215BE20600F213D1 /* ZoozItem.h */ = {isa = PBXFileReference; lastKnownFileType = sourcecode.c.h; path = ZoozItem.h; sourceTree = "<group>"; };
		E1D2DFFF215BE20600F213D1 /* ZoozItem.m */ = {isa = PBXFileReference; lastKnownFileType = sourcecode.c.objc; path = ZoozItem.m; sourceTree = "<group>"; };
		E1D2E002215FAA1D00F213D1 /* ZoozObject.h */ = {isa = PBXFileReference; lastKnownFileType = sourcecode.c.h; path = ZoozObject.h; sourceTree = "<group>"; };
		E1D2E003215FAA1D00F213D1 /* ZoozObject.m */ = {isa = PBXFileReference; lastKnownFileType = sourcecode.c.objc; path = ZoozObject.m; sourceTree = "<group>"; };
		E1D2E00621610D0200F213D1 /* ZoozServiceCall.h */ = {isa = PBXFileReference; lastKnownFileType = sourcecode.c.h; path = ZoozServiceCall.h; sourceTree = "<group>"; };
		E1D2E00721610D0200F213D1 /* ZoozServiceCall.m */ = {isa = PBXFileReference; lastKnownFileType = sourcecode.c.objc; path = ZoozServiceCall.m; sourceTree = "<group>"; };
/* End PBXFileReference section */

/* Begin PBXFrameworksBuildPhase section */
		E1D2DF7B214FF1C400F213D1 /* Frameworks */ = {
			isa = PBXFrameworksBuildPhase;
			buildActionMask = 2147483647;
			files = (
			);
			runOnlyForDeploymentPostprocessing = 0;
		};
		E1D2DF85214FF1C400F213D1 /* Frameworks */ = {
			isa = PBXFrameworksBuildPhase;
			buildActionMask = 2147483647;
			files = (
				E1D2DF89214FF1C400F213D1 /* Zooz.framework in Frameworks */,
			);
			runOnlyForDeploymentPostprocessing = 0;
		};
/* End PBXFrameworksBuildPhase section */

/* Begin PBXGroup section */
		E1D2DF75214FF1C400F213D1 = {
			isa = PBXGroup;
			children = (
				E1D2DF81214FF1C400F213D1 /* Zooz */,
				E1D2DF8C214FF1C400F213D1 /* ZoozTests */,
				E1D2DF80214FF1C400F213D1 /* Products */,
			);
			sourceTree = "<group>";
		};
		E1D2DF80214FF1C400F213D1 /* Products */ = {
			isa = PBXGroup;
			children = (
				E1D2DF7F214FF1C400F213D1 /* Zooz.framework */,
				E1D2DF88214FF1C400F213D1 /* ZoozTests.xctest */,
			);
			name = Products;
			sourceTree = "<group>";
		};
		E1D2DF81214FF1C400F213D1 /* Zooz */ = {
			isa = PBXGroup;
			children = (
				E1D2DFE121590BBB00F213D1 /* internal */,
				E1D2DFD12156E10200F213D1 /* commons */,
				E1D2DFC621569DDC00F213D1 /* categories */,
				E1D2DFC12156360600F213D1 /* beans */,
				E1D2DF9E214FFE0E00F213D1 /* responses */,
				E1D2DF9D214FFE0500F213D1 /* requests */,
				E1D2DF82214FF1C400F213D1 /* Zooz.h */,
				E1D2DF83214FF1C400F213D1 /* Info.plist */,
				E1D2DF99214FF26900F213D1 /* ZoozController.h */,
				E1D2DF9A214FF26900F213D1 /* ZoozController.m */,
			);
			path = Zooz;
			sourceTree = "<group>";
		};
		E1D2DF8C214FF1C400F213D1 /* ZoozTests */ = {
			isa = PBXGroup;
			children = (
				E1D2DF8D214FF1C500F213D1 /* ZoozTests.m */,
				E1D2DF8F214FF1C500F213D1 /* Info.plist */,
			);
			path = ZoozTests;
			sourceTree = "<group>";
		};
		E1D2DF9D214FFE0500F213D1 /* requests */ = {
			isa = PBXGroup;
			children = (
				E1D2DF9F214FFEEB00F213D1 /* ZoozRequest.h */,
				E1D2DFA0214FFEEB00F213D1 /* ZoozRequest.m */,
			);
			path = requests;
			sourceTree = "<group>";
		};
		E1D2DF9E214FFE0E00F213D1 /* responses */ = {
			isa = PBXGroup;
			children = (
				E1D2DFE6215A760400F213D1 /* ZoozResponse.h */,
				E1D2DFE7215A760400F213D1 /* ZoozResponse.m */,
			);
			path = responses;
			sourceTree = "<group>";
		};
		E1D2DFC12156360600F213D1 /* beans */ = {
			isa = PBXGroup;
			children = (
				E1D2DFC22156384400F213D1 /* ZoozPaymentMethodDetails.h */,
				E1D2DFC32156384400F213D1 /* ZoozPaymentMethodDetails.m */,
				E1D2DFD52157D48E00F213D1 /* ZoozAddress.h */,
				E1D2DFD62157D48E00F213D1 /* ZoozAddress.m */,
				E1D2DFD92157F7BC00F213D1 /* ZoozAdditionalDetails.h */,
				E1D2DFDA2157F7BC00F213D1 /* ZoozAdditionalDetails.m */,
				E1D2DFDD2157FA7700F213D1 /* ZoozIdentityDocuments.h */,
				E1D2DFDE2157FA7700F213D1 /* ZoozIdentityDocuments.m */,
				E1D2DFEA215A7F8400F213D1 /* ZoozCustomer.h */,
				E1D2DFEB215A7F8400F213D1 /* ZoozCustomer.m */,
				E1D2DFF6215BE0B100F213D1 /* ZoozPayment.h */,
				E1D2DFF7215BE0B100F213D1 /* ZoozPayment.m */,
				E1D2DFFA215BE18C00F213D1 /* ZoozOrder.h */,
				E1D2DFFB215BE18C00F213D1 /* ZoozOrder.m */,
				E1D2DFFE215BE20600F213D1 /* ZoozItem.h */,
				E1D2DFFF215BE20600F213D1 /* ZoozItem.m */,
				E1D2E002215FAA1D00F213D1 /* ZoozObject.h */,
				E1D2E003215FAA1D00F213D1 /* ZoozObject.m */,
			);
			path = beans;
			sourceTree = "<group>";
		};
		E1D2DFC621569DDC00F213D1 /* categories */ = {
			isa = PBXGroup;
			children = (
				E1D2DFEE215AD86900F213D1 /* NSObject+DictionaryConvert.h */,
				E1D2DFEF215AD86900F213D1 /* NSObject+DictionaryConvert.m */,
				E1D04D15216F365300870428 /* NSString+CamelSnakeCase.h */,
				E1D04D16216F365300870428 /* NSString+CamelSnakeCase.m */,
			);
			path = categories;
			sourceTree = "<group>";
		};
		E1D2DFD12156E10200F213D1 /* commons */ = {
			isa = PBXGroup;
			children = (
				E1D2DFD22156E12A00F213D1 /* Zooz-Constants.h */,
			);
			path = commons;
			sourceTree = "<group>";
		};
		E1D2DFE121590BBB00F213D1 /* internal */ = {
			isa = PBXGroup;
			children = (
				E1D2DFE221590BFA00F213D1 /* ZoozServer.h */,
				E1D2DFE321590BFA00F213D1 /* ZoozServer.m */,
				E1D2DFF2215B82CD00F213D1 /* ZoozLogger.h */,
				E1D2DFF3215B82CD00F213D1 /* ZoozLogger.m */,
				E1D2E00621610D0200F213D1 /* ZoozServiceCall.h */,
				E1D2E00721610D0200F213D1 /* ZoozServiceCall.m */,
			);
			path = internal;
			sourceTree = "<group>";
		};
/* End PBXGroup section */

/* Begin PBXHeadersBuildPhase section */
		E1D2DF7C214FF1C400F213D1 /* Headers */ = {
			isa = PBXHeadersBuildPhase;
			buildActionMask = 2147483647;
			files = (
				E1D2DFF0215AD86900F213D1 /* NSObject+DictionaryConvert.h in Headers */,
				E1D2E000215BE20600F213D1 /* ZoozItem.h in Headers */,
				E1D2DFF4215B82CD00F213D1 /* ZoozLogger.h in Headers */,
				E1D04D17216F365300870428 /* NSString+CamelSnakeCase.h in Headers */,
				E1D2DFD32156E12A00F213D1 /* Zooz-Constants.h in Headers */,
				E1D2DFE8215A760400F213D1 /* ZoozResponse.h in Headers */,
				E1D2DF9B214FF26900F213D1 /* ZoozController.h in Headers */,
				E1D2DFE421590BFA00F213D1 /* ZoozServer.h in Headers */,
				E1D2DFDB2157F7BC00F213D1 /* ZoozAdditionalDetails.h in Headers */,
				E1D2DFDF2157FA7700F213D1 /* ZoozIdentityDocuments.h in Headers */,
				E1D2DFFC215BE18C00F213D1 /* ZoozOrder.h in Headers */,
				E1D2DFA1214FFEEB00F213D1 /* ZoozRequest.h in Headers */,
				E1D2DF90214FF1C500F213D1 /* Zooz.h in Headers */,
				E1D2DFC42156384400F213D1 /* ZoozPaymentMethodDetails.h in Headers */,
				E1D2DFF8215BE0B100F213D1 /* ZoozPayment.h in Headers */,
				E1D2E00821610D0200F213D1 /* ZoozServiceCall.h in Headers */,
				E1D2E004215FAA1D00F213D1 /* ZoozObject.h in Headers */,
				E1D2DFD72157D48E00F213D1 /* ZoozAddress.h in Headers */,
				E1D2DFEC215A7F8400F213D1 /* ZoozCustomer.h in Headers */,
			);
			runOnlyForDeploymentPostprocessing = 0;
		};
/* End PBXHeadersBuildPhase section */

/* Begin PBXNativeTarget section */
		E1D2DF7E214FF1C400F213D1 /* Zooz */ = {
			isa = PBXNativeTarget;
			buildConfigurationList = E1D2DF93214FF1C500F213D1 /* Build configuration list for PBXNativeTarget "Zooz" */;
			buildPhases = (
				E1D2DF7A214FF1C400F213D1 /* Sources */,
				E1D2DF7B214FF1C400F213D1 /* Frameworks */,
				E1D2DF7C214FF1C400F213D1 /* Headers */,
				E1D2DF7D214FF1C400F213D1 /* Resources */,
			);
			buildRules = (
			);
			dependencies = (
			);
			name = Zooz;
			productName = Zooz;
			productReference = E1D2DF7F214FF1C400F213D1 /* Zooz.framework */;
			productType = "com.apple.product-type.framework";
		};
		E1D2DF87214FF1C400F213D1 /* ZoozTests */ = {
			isa = PBXNativeTarget;
			buildConfigurationList = E1D2DF96214FF1C500F213D1 /* Build configuration list for PBXNativeTarget "ZoozTests" */;
			buildPhases = (
				E1D2DF84214FF1C400F213D1 /* Sources */,
				E1D2DF85214FF1C400F213D1 /* Frameworks */,
				E1D2DF86214FF1C400F213D1 /* Resources */,
			);
			buildRules = (
			);
			dependencies = (
				E1D2DF8B214FF1C400F213D1 /* PBXTargetDependency */,
			);
			name = ZoozTests;
			productName = ZoozTests;
			productReference = E1D2DF88214FF1C400F213D1 /* ZoozTests.xctest */;
			productType = "com.apple.product-type.bundle.unit-test";
		};
/* End PBXNativeTarget section */

/* Begin PBXProject section */
		E1D2DF76214FF1C400F213D1 /* Project object */ = {
			isa = PBXProject;
			attributes = {
				LastUpgradeCheck = 0940;
				ORGANIZATIONNAME = "Michael Rozenblat";
				TargetAttributes = {
					E1D2DF7E214FF1C400F213D1 = {
						CreatedOnToolsVersion = 9.4.1;
					};
					E1D2DF87214FF1C400F213D1 = {
						CreatedOnToolsVersion = 9.4.1;
					};
				};
			};
			buildConfigurationList = E1D2DF79214FF1C400F213D1 /* Build configuration list for PBXProject "Zooz" */;
			compatibilityVersion = "Xcode 9.3";
			developmentRegion = en;
			hasScannedForEncodings = 0;
			knownRegions = (
				en,
			);
			mainGroup = E1D2DF75214FF1C400F213D1;
			productRefGroup = E1D2DF80214FF1C400F213D1 /* Products */;
			projectDirPath = "";
			projectRoot = "";
			targets = (
				E1D2DF7E214FF1C400F213D1 /* Zooz */,
				E1D2DF87214FF1C400F213D1 /* ZoozTests */,
			);
		};
/* End PBXProject section */

/* Begin PBXResourcesBuildPhase section */
		E1D2DF7D214FF1C400F213D1 /* Resources */ = {
			isa = PBXResourcesBuildPhase;
			buildActionMask = 2147483647;
			files = (
			);
			runOnlyForDeploymentPostprocessing = 0;
		};
		E1D2DF86214FF1C400F213D1 /* Resources */ = {
			isa = PBXResourcesBuildPhase;
			buildActionMask = 2147483647;
			files = (
			);
			runOnlyForDeploymentPostprocessing = 0;
		};
/* End PBXResourcesBuildPhase section */

/* Begin PBXSourcesBuildPhase section */
		E1D2DF7A214FF1C400F213D1 /* Sources */ = {
			isa = PBXSourcesBuildPhase;
			buildActionMask = 2147483647;
			files = (
				E1D04D18216F365300870428 /* NSString+CamelSnakeCase.m in Sources */,
				E1D2DFD82157D48E00F213D1 /* ZoozAddress.m in Sources */,
				E1D2DFFD215BE18C00F213D1 /* ZoozOrder.m in Sources */,
				E1D2E001215BE20600F213D1 /* ZoozItem.m in Sources */,
				E1D2DF9C214FF26900F213D1 /* ZoozController.m in Sources */,
				E1D2DFE9215A760400F213D1 /* ZoozResponse.m in Sources */,
				E1D2DFDC2157F7BC00F213D1 /* ZoozAdditionalDetails.m in Sources */,
				E1D2E005215FAA1D00F213D1 /* ZoozObject.m in Sources */,
				E1D2DFF9215BE0B100F213D1 /* ZoozPayment.m in Sources */,
				E1D2DFA2214FFEEB00F213D1 /* ZoozRequest.m in Sources */,
				E1D2DFE521590BFA00F213D1 /* ZoozServer.m in Sources */,
				E1D2DFED215A7F8400F213D1 /* ZoozCustomer.m in Sources */,
				E1D2E00921610D0200F213D1 /* ZoozServiceCall.m in Sources */,
				E1D2DFF1215AD86900F213D1 /* NSObject+DictionaryConvert.m in Sources */,
				E1D2DFE02157FA7700F213D1 /* ZoozIdentityDocuments.m in Sources */,
				E1D2DFF5215B82CD00F213D1 /* ZoozLogger.m in Sources */,
				E1D2DFC52156384400F213D1 /* ZoozPaymentMethodDetails.m in Sources */,
			);
			runOnlyForDeploymentPostprocessing = 0;
		};
		E1D2DF84214FF1C400F213D1 /* Sources */ = {
			isa = PBXSourcesBuildPhase;
			buildActionMask = 2147483647;
			files = (
				E1D2DF8E214FF1C500F213D1 /* ZoozTests.m in Sources */,
			);
			runOnlyForDeploymentPostprocessing = 0;
		};
/* End PBXSourcesBuildPhase section */

/* Begin PBXTargetDependency section */
		E1D2DF8B214FF1C400F213D1 /* PBXTargetDependency */ = {
			isa = PBXTargetDependency;
			target = E1D2DF7E214FF1C400F213D1 /* Zooz */;
			targetProxy = E1D2DF8A214FF1C400F213D1 /* PBXContainerItemProxy */;
		};
/* End PBXTargetDependency section */

/* Begin XCBuildConfiguration section */
		E1D2DF91214FF1C500F213D1 /* Debug */ = {
			isa = XCBuildConfiguration;
			buildSettings = {
				ALWAYS_SEARCH_USER_PATHS = NO;
				CLANG_ANALYZER_NONNULL = YES;
				CLANG_ANALYZER_NUMBER_OBJECT_CONVERSION = YES_AGGRESSIVE;
				CLANG_CXX_LANGUAGE_STANDARD = "gnu++14";
				CLANG_CXX_LIBRARY = "libc++";
				CLANG_ENABLE_MODULES = YES;
				CLANG_ENABLE_OBJC_ARC = YES;
				CLANG_ENABLE_OBJC_WEAK = YES;
				CLANG_WARN_BLOCK_CAPTURE_AUTORELEASING = YES;
				CLANG_WARN_BOOL_CONVERSION = YES;
				CLANG_WARN_COMMA = YES;
				CLANG_WARN_CONSTANT_CONVERSION = YES;
				CLANG_WARN_DEPRECATED_OBJC_IMPLEMENTATIONS = YES;
				CLANG_WARN_DIRECT_OBJC_ISA_USAGE = YES_ERROR;
				CLANG_WARN_DOCUMENTATION_COMMENTS = YES;
				CLANG_WARN_EMPTY_BODY = YES;
				CLANG_WARN_ENUM_CONVERSION = YES;
				CLANG_WARN_INFINITE_RECURSION = YES;
				CLANG_WARN_INT_CONVERSION = YES;
				CLANG_WARN_NON_LITERAL_NULL_CONVERSION = YES;
				CLANG_WARN_OBJC_IMPLICIT_RETAIN_SELF = YES;
				CLANG_WARN_OBJC_LITERAL_CONVERSION = YES;
				CLANG_WARN_OBJC_ROOT_CLASS = YES_ERROR;
				CLANG_WARN_RANGE_LOOP_ANALYSIS = YES;
				CLANG_WARN_STRICT_PROTOTYPES = YES;
				CLANG_WARN_SUSPICIOUS_MOVE = YES;
				CLANG_WARN_UNGUARDED_AVAILABILITY = YES_AGGRESSIVE;
				CLANG_WARN_UNREACHABLE_CODE = YES;
				CLANG_WARN__DUPLICATE_METHOD_MATCH = YES;
				CODE_SIGN_IDENTITY = "iPhone Developer";
				COPY_PHASE_STRIP = NO;
				CURRENT_PROJECT_VERSION = 1;
				DEBUG_INFORMATION_FORMAT = dwarf;
				ENABLE_STRICT_OBJC_MSGSEND = YES;
				ENABLE_TESTABILITY = YES;
				GCC_C_LANGUAGE_STANDARD = gnu11;
				GCC_DYNAMIC_NO_PIC = NO;
				GCC_NO_COMMON_BLOCKS = YES;
				GCC_OPTIMIZATION_LEVEL = 0;
				GCC_PREPROCESSOR_DEFINITIONS = (
					"DEBUG=1",
					"$(inherited)",
				);
				GCC_WARN_64_TO_32_BIT_CONVERSION = YES;
				GCC_WARN_ABOUT_RETURN_TYPE = YES_ERROR;
				GCC_WARN_UNDECLARED_SELECTOR = YES;
				GCC_WARN_UNINITIALIZED_AUTOS = YES_AGGRESSIVE;
				GCC_WARN_UNUSED_FUNCTION = YES;
				GCC_WARN_UNUSED_VARIABLE = YES;
				IPHONEOS_DEPLOYMENT_TARGET = 11.4;
				MTL_ENABLE_DEBUG_INFO = YES;
				ONLY_ACTIVE_ARCH = YES;
				SDKROOT = iphoneos;
				VERSIONING_SYSTEM = "apple-generic";
				VERSION_INFO_PREFIX = "";
			};
			name = Debug;
		};
		E1D2DF92214FF1C500F213D1 /* Release */ = {
			isa = XCBuildConfiguration;
			buildSettings = {
				ALWAYS_SEARCH_USER_PATHS = NO;
				CLANG_ANALYZER_NONNULL = YES;
				CLANG_ANALYZER_NUMBER_OBJECT_CONVERSION = YES_AGGRESSIVE;
				CLANG_CXX_LANGUAGE_STANDARD = "gnu++14";
				CLANG_CXX_LIBRARY = "libc++";
				CLANG_ENABLE_MODULES = YES;
				CLANG_ENABLE_OBJC_ARC = YES;
				CLANG_ENABLE_OBJC_WEAK = YES;
				CLANG_WARN_BLOCK_CAPTURE_AUTORELEASING = YES;
				CLANG_WARN_BOOL_CONVERSION = YES;
				CLANG_WARN_COMMA = YES;
				CLANG_WARN_CONSTANT_CONVERSION = YES;
				CLANG_WARN_DEPRECATED_OBJC_IMPLEMENTATIONS = YES;
				CLANG_WARN_DIRECT_OBJC_ISA_USAGE = YES_ERROR;
				CLANG_WARN_DOCUMENTATION_COMMENTS = YES;
				CLANG_WARN_EMPTY_BODY = YES;
				CLANG_WARN_ENUM_CONVERSION = YES;
				CLANG_WARN_INFINITE_RECURSION = YES;
				CLANG_WARN_INT_CONVERSION = YES;
				CLANG_WARN_NON_LITERAL_NULL_CONVERSION = YES;
				CLANG_WARN_OBJC_IMPLICIT_RETAIN_SELF = YES;
				CLANG_WARN_OBJC_LITERAL_CONVERSION = YES;
				CLANG_WARN_OBJC_ROOT_CLASS = YES_ERROR;
				CLANG_WARN_RANGE_LOOP_ANALYSIS = YES;
				CLANG_WARN_STRICT_PROTOTYPES = YES;
				CLANG_WARN_SUSPICIOUS_MOVE = YES;
				CLANG_WARN_UNGUARDED_AVAILABILITY = YES_AGGRESSIVE;
				CLANG_WARN_UNREACHABLE_CODE = YES;
				CLANG_WARN__DUPLICATE_METHOD_MATCH = YES;
				CODE_SIGN_IDENTITY = "iPhone Developer";
				COPY_PHASE_STRIP = NO;
				CURRENT_PROJECT_VERSION = 1;
				DEBUG_INFORMATION_FORMAT = "dwarf-with-dsym";
				ENABLE_NS_ASSERTIONS = NO;
				ENABLE_STRICT_OBJC_MSGSEND = YES;
				GCC_C_LANGUAGE_STANDARD = gnu11;
				GCC_NO_COMMON_BLOCKS = YES;
				GCC_WARN_64_TO_32_BIT_CONVERSION = YES;
				GCC_WARN_ABOUT_RETURN_TYPE = YES_ERROR;
				GCC_WARN_UNDECLARED_SELECTOR = YES;
				GCC_WARN_UNINITIALIZED_AUTOS = YES_AGGRESSIVE;
				GCC_WARN_UNUSED_FUNCTION = YES;
				GCC_WARN_UNUSED_VARIABLE = YES;
				IPHONEOS_DEPLOYMENT_TARGET = 11.4;
				MTL_ENABLE_DEBUG_INFO = NO;
				SDKROOT = iphoneos;
				VALIDATE_PRODUCT = YES;
				VERSIONING_SYSTEM = "apple-generic";
				VERSION_INFO_PREFIX = "";
			};
			name = Release;
		};
		E1D2DF94214FF1C500F213D1 /* Debug */ = {
			isa = XCBuildConfiguration;
			buildSettings = {
				CODE_SIGN_IDENTITY = "";
				CODE_SIGN_STYLE = Automatic;
				DEFINES_MODULE = YES;
				DEVELOPMENT_TEAM = WM94Z46B7S;
				DYLIB_COMPATIBILITY_VERSION = 1;
				DYLIB_CURRENT_VERSION = 1;
				DYLIB_INSTALL_NAME_BASE = "@rpath";
				GCC_PRECOMPILE_PREFIX_HEADER = NO;
				GCC_PREFIX_HEADER = "";
				INFOPLIST_FILE = Zooz/Info.plist;
				INSTALL_PATH = "$(LOCAL_LIBRARY_DIR)/Frameworks";
				IPHONEOS_DEPLOYMENT_TARGET = 9.0;
				LD_RUNPATH_SEARCH_PATHS = (
					"$(inherited)",
					"@executable_path/Frameworks",
					"@loader_path/Frameworks",
				);
				PRODUCT_BUNDLE_IDENTIFIER = Zooz.Zooz;
				PRODUCT_NAME = "$(TARGET_NAME:c99extidentifier)";
				SKIP_INSTALL = YES;
				TARGETED_DEVICE_FAMILY = "1,2";
			};
			name = Debug;
		};
		E1D2DF95214FF1C500F213D1 /* Release */ = {
			isa = XCBuildConfiguration;
			buildSettings = {
				CODE_SIGN_IDENTITY = "";
				CODE_SIGN_STYLE = Automatic;
				DEFINES_MODULE = YES;
				DEVELOPMENT_TEAM = WM94Z46B7S;
				DYLIB_COMPATIBILITY_VERSION = 1;
				DYLIB_CURRENT_VERSION = 1;
				DYLIB_INSTALL_NAME_BASE = "@rpath";
				GCC_PRECOMPILE_PREFIX_HEADER = NO;
				GCC_PREFIX_HEADER = "";
				INFOPLIST_FILE = Zooz/Info.plist;
				INSTALL_PATH = "$(LOCAL_LIBRARY_DIR)/Frameworks";
				IPHONEOS_DEPLOYMENT_TARGET = 9.0;
				LD_RUNPATH_SEARCH_PATHS = (
					"$(inherited)",
					"@executable_path/Frameworks",
					"@loader_path/Frameworks",
				);
				PRODUCT_BUNDLE_IDENTIFIER = Zooz.Zooz;
				PRODUCT_NAME = "$(TARGET_NAME:c99extidentifier)";
				SKIP_INSTALL = YES;
				TARGETED_DEVICE_FAMILY = "1,2";
			};
			name = Release;
		};
		E1D2DF97214FF1C500F213D1 /* Debug */ = {
			isa = XCBuildConfiguration;
			buildSettings = {
				CODE_SIGN_STYLE = Automatic;
				DEVELOPMENT_TEAM = WM94Z46B7S;
				INFOPLIST_FILE = ZoozTests/Info.plist;
				LD_RUNPATH_SEARCH_PATHS = (
					"$(inherited)",
					"@executable_path/Frameworks",
					"@loader_path/Frameworks",
				);
				PRODUCT_BUNDLE_IDENTIFIER = Zooz.ZoozTests;
				PRODUCT_NAME = "$(TARGET_NAME)";
				TARGETED_DEVICE_FAMILY = "1,2";
			};
			name = Debug;
		};
		E1D2DF98214FF1C500F213D1 /* Release */ = {
			isa = XCBuildConfiguration;
			buildSettings = {
				CODE_SIGN_STYLE = Automatic;
				DEVELOPMENT_TEAM = WM94Z46B7S;
				INFOPLIST_FILE = ZoozTests/Info.plist;
				LD_RUNPATH_SEARCH_PATHS = (
					"$(inherited)",
					"@executable_path/Frameworks",
					"@loader_path/Frameworks",
				);
				PRODUCT_BUNDLE_IDENTIFIER = Zooz.ZoozTests;
				PRODUCT_NAME = "$(TARGET_NAME)";
				TARGETED_DEVICE_FAMILY = "1,2";
			};
			name = Release;
		};
/* End XCBuildConfiguration section */

/* Begin XCConfigurationList section */
		E1D2DF79214FF1C400F213D1 /* Build configuration list for PBXProject "Zooz" */ = {
			isa = XCConfigurationList;
			buildConfigurations = (
				E1D2DF91214FF1C500F213D1 /* Debug */,
				E1D2DF92214FF1C500F213D1 /* Release */,
			);
			defaultConfigurationIsVisible = 0;
			defaultConfigurationName = Release;
		};
		E1D2DF93214FF1C500F213D1 /* Build configuration list for PBXNativeTarget "Zooz" */ = {
			isa = XCConfigurationList;
			buildConfigurations = (
				E1D2DF94214FF1C500F213D1 /* Debug */,
				E1D2DF95214FF1C500F213D1 /* Release */,
			);
			defaultConfigurationIsVisible = 0;
			defaultConfigurationName = Release;
		};
		E1D2DF96214FF1C500F213D1 /* Build configuration list for PBXNativeTarget "ZoozTests" */ = {
			isa = XCConfigurationList;
			buildConfigurations = (
				E1D2DF97214FF1C500F213D1 /* Debug */,
				E1D2DF98214FF1C500F213D1 /* Release */,
			);
			defaultConfigurationIsVisible = 0;
			defaultConfigurationName = Release;
		};
/* End XCConfigurationList section */
	};
	rootObject = E1D2DF76214FF1C400F213D1 /* Project object */;
}
